
Microsoft Visual Studio Solution File, Format Version 12.00
# Visual Studio 15
VisualStudioVersion = 15.0.26403.7
MinimumVisualStudioVersion = 10.0.40219.1
Project("{9A19103F-16F7-4668-BE54-9A1E7A4F7556}") = "BarsGroup.ExpressionInlining", "BarsGroup.ExpressionInlining\BarsGroup.ExpressionInlining.csproj", "{015B379D-E408-4202-9B87-F2C509DA2D00}"
EndProject
Project("{FAE04EC0-301F-11D3-BF4B-00C04F79EFBC}") = "BarsGroup.ExpressionInlining.Tests", "BarsGroup.ExpressionInlining.Tests\BarsGroup.ExpressionInlining.Tests.csproj", "{5C2DB8A3-2346-41B0-B8C6-8C1A6FF30BBD}"
EndProject
Global
	GlobalSection(SolutionConfigurationPlatforms) = preSolution
		Debug|Any CPU = Debug|Any CPU
		Release|Any CPU = Release|Any CPU
	EndGlobalSection
	GlobalSection(ProjectConfigurationPlatforms) = postSolution
		{015B379D-E408-4202-9B87-F2C509DA2D00}.Debug|Any CPU.ActiveCfg = Debug|Any CPU
		{015B379D-E408-4202-9B87-F2C509DA2D00}.Debug|Any CPU.Build.0 = Debug|Any CPU
		{015B379D-E408-4202-9B87-F2C509DA2D00}.Release|Any CPU.ActiveCfg = Release|Any CPU
		{015B379D-E408-4202-9B87-F2C509DA2D00}.Release|Any CPU.Build.0 = Release|Any CPU
		{5C2DB8A3-2346-41B0-B8C6-8C1A6FF30BBD}.Debug|Any CPU.ActiveCfg = Debug|Any CPU
		{5C2DB8A3-2346-41B0-B8C6-8C1A6FF30BBD}.Debug|Any CPU.Build.0 = Debug|Any CPU
		{5C2DB8A3-2346-41B0-B8C6-8C1A6FF30BBD}.Release|Any CPU.ActiveCfg = Release|Any CPU
		{5C2DB8A3-2346-41B0-B8C6-8C1A6FF30BBD}.Release|Any CPU.Build.0 = Release|Any CPU
	EndGlobalSection
	GlobalSection(SolutionProperties) = preSolution
		HideSolutionNode = FALSE
	EndGlobalSection
EndGlobal
